
Microsoft Visual Studio Solution File, Format Version 12.00
# Visual Studio Version 16
VisualStudioVersion = 25.0.1706.4
MinimumVisualStudioVersion = 10.0.40219.1
Project("{FAE04EC0-301F-11D3-BF4B-00C04F79EFBC}") = "TicketOffice", "TicketOffice\TicketOffice.csproj", "{5A56F90E-4A5F-4146-AE89-6E431C13C2D7}"
EndProject
Global
	GlobalSection(SolutionConfigurationPlatforms) = preSolution
		Debug|Any CPU = Debug|Any CPU
		Release|Any CPU = Release|Any CPU
	EndGlobalSection
	GlobalSection(ProjectConfigurationPlatforms) = postSolution
		{5A56F90E-4A5F-4146-AE89-6E431C13C2D7}.Debug|Any CPU.ActiveCfg = Debug|Any CPU
		{5A56F90E-4A5F-4146-AE89-6E431C13C2D7}.Debug|Any CPU.Build.0 = Debug|Any CPU
		{5A56F90E-4A5F-4146-AE89-6E431C13C2D7}.Release|Any CPU.ActiveCfg = Release|Any CPU
		{5A56F90E-4A5F-4146-AE89-6E431C13C2D7}.Release|Any CPU.Build.0 = Release|Any CPU
	EndGlobalSection
	GlobalSection(SolutionProperties) = preSolution
		HideSolutionNode = FALSE
	EndGlobalSection
	GlobalSection(ExtensibilityGlobals) = postSolution
		SolutionGuid = {7CBF59FE-077E-4D13-A7C2-22833FFE64F3}
	EndGlobalSection
EndGlobal
